github.com/the-intern/Eclectic0136 v0.0.0-20241029162419-1e82fd3182f5 h1:+0on5BwucOuQsCck/dSQ/vCCBlHqBjFUIFt9w6jsZRw=
github.com/the-intern/Eclectic0136 v0.0.0-20241029162419-1e82fd3182f5/go.mod h1:phYBuwrWXN5WqP0SFtxQWTUvWt4dWeW7J/IXcKnk9Uw=
github.com/the-intern/Eclectic0136 v0.0.0-20241029164006-b50044640d98 h1:tdN22g2UnKXlG98gyW/BKv2hxPmv5LtVslSH6Dpp3Hw=
github.com/the-intern/Eclectic0136 v0.0.0-20241029164006-b50044640d98/go.mod h1:phYBuwrWXN5WqP0SFtxQWTUvWt4dWeW7J/IXcKnk9Uw=
github.com/the-intern/Eclectic0136 v0.0.0-20241029170538-9c183aac8c1d h1:dYc13LfIDNdKZtliG9GfYI4RqDoQX+NXlJ22ErbNYNQ=
github.com/the-intern/Eclectic0136 v0.0.0-20241029170538-9c183aac8c1d/go.mod h1:phYBuwrWXN5WqP0SFtxQWTUvWt4dWeW7J/IXcKnk9Uw=
github.com/the-intern/Eclectic0136 v0.0.0-20241029171310-138c45780674 h1:fQ1z3B7b3WbBFGDwV4KnbFSUIv/0b69Va926B0cwJbg=
github.com/the-intern/Eclectic0136 v0.0.0-20241029171310-138c45780674/go.mod h1:phYBuwrWXN5WqP0SFtxQWTUvWt4dWeW7J/IXcKnk9Uw=
github.com/the-intern/Eclectic0136 v0.0.0-20241029171417-01b0e4370ca8 h1:+NG7DAMSWRn4YQUYf0ctR/KzsRbJigU0Vp8rMlEXr0E=
github.com/the-intern/Eclectic0136 v0.0.0-20241029171417-01b0e4370ca8/go.mod h1:phYBuwrWXN5WqP0SFtxQWTUvWt4dWeW7J/IXcKnk9Uw=
github.com/the-intern/Eclectic0136 v0.0.0-20241029171636-22eba17eda9c h1:L9w+5e2rweUh3vM/+P1u2GPvtsfyoB5iTBqnAQGVuLw=
github.com/the-intern/Eclectic0136 v0.0.0-20241029171636-22eba17eda9c/go.mod h1:phYBuwrWXN5WqP0SFtxQWTUvWt4dWeW7J/IXcKnk9Uw=
